
Microsoft Visual Studio Solution File, Format Version 12.00
# Visual Studio 15
Project("{FAE04EC0-301F-11D3-BF4B-00C04F79EFBC}") = "blazor-example", "blazor-example\blazor-example.csproj", "{1F0E30D6-3980-4334-BFC8-24AAB39A3409}"
EndProject
Global
	GlobalSection(SolutionConfigurationPlatforms) = preSolution
		Debug|Any CPU = Debug|Any CPU
		Release|Any CPU = Release|Any CPU
	EndGlobalSection
	GlobalSection(ProjectConfigurationPlatforms) = postSolution
		{1F0E30D6-3980-4334-BFC8-24AAB39A3409}.Debug|Any CPU.ActiveCfg = Debug|Any CPU
		{1F0E30D6-3980-4334-BFC8-24AAB39A3409}.Debug|Any CPU.Build.0 = Debug|Any CPU
		{1F0E30D6-3980-4334-BFC8-24AAB39A3409}.Release|Any CPU.ActiveCfg = Release|Any CPU
		{1F0E30D6-3980-4334-BFC8-24AAB39A3409}.Release|Any CPU.Build.0 = Release|Any CPU
	EndGlobalSection
EndGlobal
